// !$*UTF8*$!
{
	archiveVersion = 1;
	classes = {
	};
	objectVersion = 50;
	objects = {

/* Begin PBXBuildFile section */
		BC0661D025D3396800A6CF83 /* AppDelegate.swift in Sources */ = {isa = PBXBuildFile; fileRef = BC0661CF25D3396800A6CF83 /* AppDelegate.swift */; };
		BC0661D225D3396800A6CF83 /* SceneDelegate.swift in Sources */ = {isa = PBXBuildFile; fileRef = BC0661D125D3396800A6CF83 /* SceneDelegate.swift */; };
		BC0661D425D3396800A6CF83 /* ViewController.swift in Sources */ = {isa = PBXBuildFile; fileRef = BC0661D325D3396800A6CF83 /* ViewController.swift */; };
		BC0661D725D3396800A6CF83 /* Main.storyboard in Resources */ = {isa = PBXBuildFile; fileRef = BC0661D525D3396800A6CF83 /* Main.storyboard */; };
		BC0661D925D3396B00A6CF83 /* Assets.xcassets in Resources */ = {isa = PBXBuildFile; fileRef = BC0661D825D3396B00A6CF83 /* Assets.xcassets */; };
		BC0661DC25D3396B00A6CF83 /* LaunchScreen.storyboard in Resources */ = {isa = PBXBuildFile; fileRef = BC0661DA25D3396B00A6CF83 /* LaunchScreen.storyboard */; };
		BC0661E525D33BA500A6CF83 /* Tela02ViewController.swift in Sources */ = {isa = PBXBuildFile; fileRef = BC0661E425D33BA500A6CF83 /* Tela02ViewController.swift */; };
/* End PBXBuildFile section */

/* Begin PBXFileReference section */
		BC0661CC25D3396800A6CF83 /* Ex01-ProtocolDelegate.app */ = {isa = PBXFileReference; explicitFileType = wrapper.application; includeInIndex = 0; path = "Ex01-ProtocolDelegate.app"; sourceTree = BUILT_PRODUCTS_DIR; };
		BC0661CF25D3396800A6CF83 /* AppDelegate.swift */ = {isa = PBXFileReference; lastKnownFileType = sourcecode.swift; path = AppDelegate.swift; sourceTree = "<group>"; };
		BC0661D125D3396800A6CF83 /* SceneDelegate.swift */ = {isa = PBXFileReference; lastKnownFileType = sourcecode.swift; path = SceneDelegate.swift; sourceTree = "<group>"; };
		BC0661D325D3396800A6CF83 /* ViewController.swift */ = {isa = PBXFileReference; lastKnownFileType = sourcecode.swift; path = ViewController.swift; sourceTree = "<group>"; };
		BC0661D625D3396800A6CF83 /* Base */ = {isa = PBXFileReference; lastKnownFileType = file.storyboard; name = Base; path = Base.lproj/Main.storyboard; sourceTree = "<group>"; };
		BC0661D825D3396B00A6CF83 /* Assets.xcassets */ = {isa = PBXFileReference; lastKnownFileType = folder.assetcatalog; path = Assets.xcassets; sourceTree = "<group>"; };
		BC0661DB25D3396B00A6CF83 /* Base */ = {isa = PBXFileReference; lastKnownFileType = file.storyboard; name = Base; path = Base.lproj/LaunchScreen.storyboard; sourceTree = "<group>"; };
		BC0661DD25D3396B00A6CF83 /* Info.plist */ = {isa = PBXFileReference; lastKnownFileType = text.plist.xml; path = Info.plist; sourceTree = "<group>"; };
		BC0661E425D33BA500A6CF83 /* Tela02ViewController.swift */ = {isa = PBXFileReference; lastKnownFileType = sourcecode.swift; path = Tela02ViewController.swift; sourceTree = "<group>"; };
/* End PBXFileReference section */

/* Begin PBXFrameworksBuildPhase section */
		BC0661C925D3396800A6CF83 /* Frameworks */ = {
			isa = PBXFrameworksBuildPhase;
			buildActionMask = 2147483647;
			files = (
			);
			runOnlyForDeploymentPostprocessing = 0;
		};
/* End PBXFrameworksBuildPhase section */

/* Begin PBXGroup section */
		BC0661C325D3396800A6CF83 = {
			isa = PBXGroup;
			children = (
				BC0661CE25D3396800A6CF83 /* Ex01-ProtocolDelegate */,
				BC0661CD25D3396800A6CF83 /* Products */,
			);
			sourceTree = "<group>";
		};
		BC0661CD25D3396800A6CF83 /* Products */ = {
			isa = PBXGroup;
			children = (
				BC0661CC25D3396800A6CF83 /* Ex01-ProtocolDelegate.app */,
			);
			name = Products;
			sourceTree = "<group>";
		};
		BC0661CE25D3396800A6CF83 /* Ex01-ProtocolDelegate */ = {
			isa = PBXGroup;
			children = (
				BC0661CF25D3396800A6CF83 /* AppDelegate.swift */,
				BC0661D125D3396800A6CF83 /* SceneDelegate.swift */,
				BC0661D325D3396800A6CF83 /* ViewController.swift */,
				BC0661E425D33BA500A6CF83 /* Tela02ViewController.swift */,
				BC0661D525D3396800A6CF83 /* Main.storyboard */,
				BC0661D825D3396B00A6CF83 /* Assets.xcassets */,
				BC0661DA25D3396B00A6CF83 /* LaunchScreen.storyboard */,
				BC0661DD25D3396B00A6CF83 /* Info.plist */,
			);
			path = "Ex01-ProtocolDelegate";
			sourceTree = "<group>";
		};
/* End PBXGroup section */

/* Begin PBXNativeTarget section */
		BC0661CB25D3396800A6CF83 /* Ex01-ProtocolDelegate */ = {
			isa = PBXNativeTarget;
			buildConfigurationList = BC0661E025D3396B00A6CF83 /* Build configuration list for PBXNativeTarget "Ex01-ProtocolDelegate" */;
			buildPhases = (
				BC0661C825D3396800A6CF83 /* Sources */,
				BC0661C925D3396800A6CF83 /* Frameworks */,
				BC0661CA25D3396800A6CF83 /* Resources */,
			);
			buildRules = (
			);
			dependencies = (
			);
			name = "Ex01-ProtocolDelegate";
			productName = "Ex01-ProtocolDelegate";
			productReference = BC0661CC25D3396800A6CF83 /* Ex01-ProtocolDelegate.app */;
			productType = "com.apple.product-type.application";
		};
/* End PBXNativeTarget section */

/* Begin PBXProject section */
		BC0661C425D3396800A6CF83 /* Project object */ = {
			isa = PBXProject;
			attributes = {
				LastSwiftUpdateCheck = 1230;
				LastUpgradeCheck = 1230;
				TargetAttributes = {
					BC0661CB25D3396800A6CF83 = {
						CreatedOnToolsVersion = 12.3;
					};
				};
			};
			buildConfigurationList = BC0661C725D3396800A6CF83 /* Build configuration list for PBXProject "Ex01-ProtocolDelegate" */;
			compatibilityVersion = "Xcode 9.3";
			developmentRegion = en;
			hasScannedForEncodings = 0;
			knownRegions = (
				en,
				Base,
			);
			mainGroup = BC0661C325D3396800A6CF83;
			productRefGroup = BC0661CD25D3396800A6CF83 /* Products */;
			projectDirPath = "";
			projectRoot = "";
			targets = (
				BC0661CB25D3396800A6CF83 /* Ex01-ProtocolDelegate */,
			);
		};
/* End PBXProject section */

/* Begin PBXResourcesBuildPhase section */
		BC0661CA25D3396800A6CF83 /* Resources */ = {
			isa = PBXResourcesBuildPhase;
			buildActionMask = 2147483647;
			files = (
				BC0661DC25D3396B00A6CF83 /* LaunchScreen.storyboard in Resources */,
				BC0661D925D3396B00A6CF83 /* Assets.xcassets in Resources */,
				BC0661D725D3396800A6CF83 /* Main.storyboard in Resources */,
			);
			runOnlyForDeploymentPostprocessing = 0;
		};
/* End PBXResourcesBuildPhase section */

/* Begin PBXSourcesBuildPhase section */
		BC0661C825D3396800A6CF83 /* Sources */ = {
			isa = PBXSourcesBuildPhase;
			buildActionMask = 2147483647;
			files = (
				BC0661E525D33BA500A6CF83 /* Tela02ViewController.swift in Sources */,
				BC0661D425D3396800A6CF83 /* ViewController.swift in Sources */,
				BC0661D025D3396800A6CF83 /* AppDelegate.swift in Sources */,
				BC0661D225D3396800A6CF83 /* SceneDelegate.swift in Sources */,
			);
			runOnlyForDeploymentPostprocessing = 0;
		};
/* End PBXSourcesBuildPhase section */

/* Begin PBXVariantGroup section */
		BC0661D525D3396800A6CF83 /* Main.storyboard */ = {
			isa = PBXVariantGroup;
			children = (
				BC0661D625D3396800A6CF83 /* Base */,
			);
			name = Main.storyboard;
			sourceTree = "<group>";
		};
		BC0661DA25D3396B00A6CF83 /* LaunchScreen.storyboard */ = {
			isa = PBXVariantGroup;
			children = (
				BC0661DB25D3396B00A6CF83 /* Base */,
			);
			name = LaunchScreen.storyboard;
			sourceTree = "<group>";
		};
/* End PBXVariantGroup section */

/* Begin XCBuildConfiguration section */
		BC0661DE25D3396B00A6CF83 /* Debug */ = {
			isa = XCBuildConfiguration;
			buildSettings = {
				ALWAYS_SEARCH_USER_PATHS = NO;
				CLANG_ANALYZER_NONNULL = YES;
				CLANG_ANALYZER_NUMBER_OBJECT_CONVERSION = YES_AGGRESSIVE;
				CLANG_CXX_LANGUAGE_STANDARD = "gnu++14";
				CLANG_CXX_LIBRARY = "libc++";
				CLANG_ENABLE_MODULES = YES;
				CLANG_ENABLE_OBJC_ARC = YES;
				CLANG_ENABLE_OBJC_WEAK = YES;
				CLANG_WARN_BLOCK_CAPTURE_AUTORELEASING = YES;
				CLANG_WARN_BOOL_CONVERSION = YES;
				CLANG_WARN_COMMA = YES;
				CLANG_WARN_CONSTANT_CONVERSION = YES;
				CLANG_WARN_DEPRECATED_OBJC_IMPLEMENTATIONS = YES;
				CLANG_WARN_DIRECT_OBJC_ISA_USAGE = YES_ERROR;
				CLANG_WARN_DOCUMENTATION_COMMENTS = YES;
				CLANG_WARN_EMPTY_BODY = YES;
				CLANG_WARN_ENUM_CONVERSION = YES;
				CLANG_WARN_INFINITE_RECURSION = YES;
				CLANG_WARN_INT_CONVERSION = YES;
				CLANG_WARN_NON_LITERAL_NULL_CONVERSION = YES;
				CLANG_WARN_OBJC_IMPLICIT_RETAIN_SELF = YES;
				CLANG_WARN_OBJC_LITERAL_CONVERSION = YES;
				CLANG_WARN_OBJC_ROOT_CLASS = YES_ERROR;
				CLANG_WARN_QUOTED_INCLUDE_IN_FRAMEWORK_HEADER = YES;
				CLANG_WARN_RANGE_LOOP_ANALYSIS = YES;
				CLANG_WARN_STRICT_PROTOTYPES = YES;
				CLANG_WARN_SUSPICIOUS_MOVE = YES;
				CLANG_WARN_UNGUARDED_AVAILABILITY = YES_AGGRESSIVE;
				CLANG_WARN_UNREACHABLE_CODE = YES;
				CLANG_WARN__DUPLICATE_METHOD_MATCH = YES;
				COPY_PHASE_STRIP = NO;
				DEBUG_INFORMATION_FORMAT = dwarf;
				ENABLE_STRICT_OBJC_MSGSEND = YES;
				ENABLE_TESTABILITY = YES;
				GCC_C_LANGUAGE_STANDARD = gnu11;
				GCC_DYNAMIC_NO_PIC = NO;
				GCC_NO_COMMON_BLOCKS = YES;
				GCC_OPTIMIZATION_LEVEL = 0;
				GCC_PREPROCESSOR_DEFINITIONS = (
					"DEBUG=1",
					"$(inherited)",
				);
				GCC_WARN_64_TO_32_BIT_CONVERSION = YES;
				GCC_WARN_ABOUT_RETURN_TYPE = YES_ERROR;
				GCC_WARN_UNDECLARED_SELECTOR = YES;
				GCC_WARN_UNINITIALIZED_AUTOS = YES_AGGRESSIVE;
				GCC_WARN_UNUSED_FUNCTION = YES;
				GCC_WARN_UNUSED_VARIABLE = YES;
				IPHONEOS_DEPLOYMENT_TARGET = 14.3;
				MTL_ENABLE_DEBUG_INFO = INCLUDE_SOURCE;
				MTL_FAST_MATH = YES;
				ONLY_ACTIVE_ARCH = YES;
				SDKROOT = iphoneos;
				SWIFT_ACTIVE_COMPILATION_CONDITIONS = DEBUG;
				SWIFT_OPTIMIZATION_LEVEL = "-Onone";
			};
			name = Debug;
		};
		BC0661DF25D3396B00A6CF83 /* Release */ = {
			isa = XCBuildConfiguration;
			buildSettings = {
				ALWAYS_SEARCH_USER_PATHS = NO;
				CLANG_ANALYZER_NONNULL = YES;
				CLANG_ANALYZER_NUMBER_OBJECT_CONVERSION = YES_AGGRESSIVE;
				CLANG_CXX_LANGUAGE_STANDARD = "gnu++14";
				CLANG_CXX_LIBRARY = "libc++";
				CLANG_ENABLE_MODULES = YES;
				CLANG_ENABLE_OBJC_ARC = YES;
				CLANG_ENABLE_OBJC_WEAK = YES;
				CLANG_WARN_BLOCK_CAPTURE_AUTORELEASING = YES;
				CLANG_WARN_BOOL_CONVERSION = YES;
				CLANG_WARN_COMMA = YES;
				CLANG_WARN_CONSTANT_CONVERSION = YES;
				CLANG_WARN_DEPRECATED_OBJC_IMPLEMENTATIONS = YES;
				CLANG_WARN_DIRECT_OBJC_ISA_USAGE = YES_ERROR;
				CLANG_WARN_DOCUMENTATION_COMMENTS = YES;
				CLANG_WARN_EMPTY_BODY = YES;
				CLANG_WARN_ENUM_CONVERSION = YES;
				CLANG_WARN_INFINITE_RECURSION = YES;
				CLANG_WARN_INT_CONVERSION = YES;
				CLANG_WARN_NON_LITERAL_NULL_CONVERSION = YES;
				CLANG_WARN_OBJC_IMPLICIT_RETAIN_SELF = YES;
				CLANG_WARN_OBJC_LITERAL_CONVERSION = YES;
				CLANG_WARN_OBJC_ROOT_CLASS = YES_ERROR;
				CLANG_WARN_QUOTED_INCLUDE_IN_FRAMEWORK_HEADER = YES;
				CLANG_WARN_RANGE_LOOP_ANALYSIS = YES;
				CLANG_WARN_STRICT_PROTOTYPES = YES;
				CLANG_WARN_SUSPICIOUS_MOVE = YES;
				CLANG_WARN_UNGUARDED_AVAILABILITY = YES_AGGRESSIVE;
				CLANG_WARN_UNREACHABLE_CODE = YES;
				CLANG_WARN__DUPLICATE_METHOD_MATCH = YES;
				COPY_PHASE_STRIP = NO;
				DEBUG_INFORMATION_FORMAT = "dwarf-with-dsym";
				ENABLE_NS_ASSERTIONS = NO;
				ENABLE_STRICT_OBJC_MSGSEND = YES;
				GCC_C_LANGUAGE_STANDARD = gnu11;
				GCC_NO_COMMON_BLOCKS = YES;
				GCC_WARN_64_TO_32_BIT_CONVERSION = YES;
				GCC_WARN_ABOUT_RETURN_TYPE = YES_ERROR;
				GCC_WARN_UNDECLARED_SELECTOR = YES;
				GCC_WARN_UNINITIALIZED_AUTOS = YES_AGGRESSIVE;
				GCC_WARN_UNUSED_FUNCTION = YES;
				GCC_WARN_UNUSED_VARIABLE = YES;
				IPHONEOS_DEPLOYMENT_TARGET = 14.3;
				MTL_ENABLE_DEBUG_INFO = NO;
				MTL_FAST_MATH = YES;
				SDKROOT = iphoneos;
				SWIFT_COMPILATION_MODE = wholemodule;
				SWIFT_OPTIMIZATION_LEVEL = "-O";
				VALIDATE_PRODUCT = YES;
			};
			name = Release;
		};
		BC0661E125D3396B00A6CF83 /* Debug */ = {
			isa = XCBuildConfiguration;
			buildSettings = {
				ASSETCATALOG_COMPILER_APPICON_NAME = AppIcon;
				ASSETCATALOG_COMPILER_GLOBAL_ACCENT_COLOR_NAME = AccentColor;
				CODE_SIGN_STYLE = Automatic;
				DEVELOPMENT_TEAM = 25XCUFMQUU;
				INFOPLIST_FILE = "Ex01-ProtocolDelegate/Info.plist";
				LD_RUNPATH_SEARCH_PATHS = (
					"$(inherited)",
					"@executable_path/Frameworks",
				);
				PRODUCT_BUNDLE_IDENTIFIER = "com.alexandrecardoso.Ex01-ProtocolDelegate";
				PRODUCT_NAME = "$(TARGET_NAME)";
				SWIFT_VERSION = 5.0;
				TARGETED_DEVICE_FAMILY = "1,2";
			};
			name = Debug;
		};
		BC0661E225D3396B00A6CF83 /* Release */ = {
			isa = XCBuildConfiguration;
			buildSettings = {
				ASSETCATALOG_COMPILER_APPICON_NAME = AppIcon;
				ASSETCATALOG_COMPILER_GLOBAL_ACCENT_COLOR_NAME = AccentColor;
				CODE_SIGN_STYLE = Automatic;
				DEVELOPMENT_TEAM = 25XCUFMQUU;
				INFOPLIST_FILE = "Ex01-ProtocolDelegate/Info.plist";
				LD_RUNPATH_SEARCH_PATHS = (
					"$(inherited)",
					"@executable_path/Frameworks",
				);
				PRODUCT_BUNDLE_IDENTIFIER = "com.alexandrecardoso.Ex01-ProtocolDelegate";
				PRODUCT_NAME = "$(TARGET_NAME)";
				SWIFT_VERSION = 5.0;
				TARGETED_DEVICE_FAMILY = "1,2";
			};
			name = Release;
		};
/* End XCBuildConfiguration section */

/* Begin XCConfigurationList section */
		BC0661C725D3396800A6CF83 /* Build configuration list for PBXProject "Ex01-ProtocolDelegate" */ = {
			isa = XCConfigurationList;
			buildConfigurations = (
				BC0661DE25D3396B00A6CF83 /* Debug */,
				BC0661DF25D3396B00A6CF83 /* Release */,
			);
			defaultConfigurationIsVisible = 0;
			defaultConfigurationName = Release;
		};
		BC0661E025D3396B00A6CF83 /* Build configuration list for PBXNativeTarget "Ex01-ProtocolDelegate" */ = {
			isa = XCConfigurationList;
			buildConfigurations = (
				BC0661E125D3396B00A6CF83 /* Debug */,
				BC0661E225D3396B00A6CF83 /* Release */,
			);
			defaultConfigurationIsVisible = 0;
			defaultConfigurationName = Release;
		};
/* End XCConfigurationList section */
	};
	rootObject = BC0661C425D3396800A6CF83 /* Project object */;
}
