// !$*UTF8*$!
{
	archiveVersion = 1;
	classes = {
	};
	objectVersion = 50;
	objects = {

/* Begin PBXBuildFile section */
		BC45B95625DB38AC0050AA81 /* AppDelegate.swift in Sources */ = {isa = PBXBuildFile; fileRef = BC45B95525DB38AC0050AA81 /* AppDelegate.swift */; };
		BC45B95825DB38AC0050AA81 /* SceneDelegate.swift in Sources */ = {isa = PBXBuildFile; fileRef = BC45B95725DB38AC0050AA81 /* SceneDelegate.swift */; };
		BC45B95A25DB38AC0050AA81 /* ViewController.swift in Sources */ = {isa = PBXBuildFile; fileRef = BC45B95925DB38AC0050AA81 /* ViewController.swift */; };
		BC45B95D25DB38AC0050AA81 /* Main.storyboard in Resources */ = {isa = PBXBuildFile; fileRef = BC45B95B25DB38AC0050AA81 /* Main.storyboard */; };
		BC45B95F25DB38B20050AA81 /* Assets.xcassets in Resources */ = {isa = PBXBuildFile; fileRef = BC45B95E25DB38B20050AA81 /* Assets.xcassets */; };
		BC45B96225DB38B20050AA81 /* LaunchScreen.storyboard in Resources */ = {isa = PBXBuildFile; fileRef = BC45B96025DB38B20050AA81 /* LaunchScreen.storyboard */; };
		BC45B97125DB3A4A0050AA81 /* CustomCellCollectionViewCell.swift in Sources */ = {isa = PBXBuildFile; fileRef = BC45B96F25DB3A4A0050AA81 /* CustomCellCollectionViewCell.swift */; };
		BC45B97225DB3A4A0050AA81 /* CustomCellCollectionViewCell.xib in Resources */ = {isa = PBXBuildFile; fileRef = BC45B97025DB3A4A0050AA81 /* CustomCellCollectionViewCell.xib */; };
/* End PBXBuildFile section */

/* Begin PBXFileReference section */
		BC45B95225DB38AC0050AA81 /* Desafio-CollectionView-1.app */ = {isa = PBXFileReference; explicitFileType = wrapper.application; includeInIndex = 0; path = "Desafio-CollectionView-1.app"; sourceTree = BUILT_PRODUCTS_DIR; };
		BC45B95525DB38AC0050AA81 /* AppDelegate.swift */ = {isa = PBXFileReference; lastKnownFileType = sourcecode.swift; path = AppDelegate.swift; sourceTree = "<group>"; };
		BC45B95725DB38AC0050AA81 /* SceneDelegate.swift */ = {isa = PBXFileReference; lastKnownFileType = sourcecode.swift; path = SceneDelegate.swift; sourceTree = "<group>"; };
		BC45B95925DB38AC0050AA81 /* ViewController.swift */ = {isa = PBXFileReference; lastKnownFileType = sourcecode.swift; path = ViewController.swift; sourceTree = "<group>"; };
		BC45B95C25DB38AC0050AA81 /* Base */ = {isa = PBXFileReference; lastKnownFileType = file.storyboard; name = Base; path = Base.lproj/Main.storyboard; sourceTree = "<group>"; };
		BC45B95E25DB38B20050AA81 /* Assets.xcassets */ = {isa = PBXFileReference; lastKnownFileType = folder.assetcatalog; path = Assets.xcassets; sourceTree = "<group>"; };
		BC45B96125DB38B20050AA81 /* Base */ = {isa = PBXFileReference; lastKnownFileType = file.storyboard; name = Base; path = Base.lproj/LaunchScreen.storyboard; sourceTree = "<group>"; };
		BC45B96325DB38B20050AA81 /* Info.plist */ = {isa = PBXFileReference; lastKnownFileType = text.plist.xml; path = Info.plist; sourceTree = "<group>"; };
		BC45B96F25DB3A4A0050AA81 /* CustomCellCollectionViewCell.swift */ = {isa = PBXFileReference; lastKnownFileType = sourcecode.swift; path = CustomCellCollectionViewCell.swift; sourceTree = "<group>"; };
		BC45B97025DB3A4A0050AA81 /* CustomCellCollectionViewCell.xib */ = {isa = PBXFileReference; lastKnownFileType = file.xib; path = CustomCellCollectionViewCell.xib; sourceTree = "<group>"; };
/* End PBXFileReference section */

/* Begin PBXFrameworksBuildPhase section */
		BC45B94F25DB38AC0050AA81 /* Frameworks */ = {
			isa = PBXFrameworksBuildPhase;
			buildActionMask = 2147483647;
			files = (
			);
			runOnlyForDeploymentPostprocessing = 0;
		};
/* End PBXFrameworksBuildPhase section */

/* Begin PBXGroup section */
		BC45B94925DB38AC0050AA81 = {
			isa = PBXGroup;
			children = (
				BC45B95425DB38AC0050AA81 /* Desafio-CollectionView-1 */,
				BC45B95325DB38AC0050AA81 /* Products */,
			);
			sourceTree = "<group>";
		};
		BC45B95325DB38AC0050AA81 /* Products */ = {
			isa = PBXGroup;
			children = (
				BC45B95225DB38AC0050AA81 /* Desafio-CollectionView-1.app */,
			);
			name = Products;
			sourceTree = "<group>";
		};
		BC45B95425DB38AC0050AA81 /* Desafio-CollectionView-1 */ = {
			isa = PBXGroup;
			children = (
				BC45B96A25DB3A1A0050AA81 /* CustomCell */,
				BC45B95525DB38AC0050AA81 /* AppDelegate.swift */,
				BC45B95725DB38AC0050AA81 /* SceneDelegate.swift */,
				BC45B95925DB38AC0050AA81 /* ViewController.swift */,
				BC45B95B25DB38AC0050AA81 /* Main.storyboard */,
				BC45B95E25DB38B20050AA81 /* Assets.xcassets */,
				BC45B96025DB38B20050AA81 /* LaunchScreen.storyboard */,
				BC45B96325DB38B20050AA81 /* Info.plist */,
			);
			path = "Desafio-CollectionView-1";
			sourceTree = "<group>";
		};
		BC45B96A25DB3A1A0050AA81 /* CustomCell */ = {
			isa = PBXGroup;
			children = (
				BC45B96F25DB3A4A0050AA81 /* CustomCellCollectionViewCell.swift */,
				BC45B97025DB3A4A0050AA81 /* CustomCellCollectionViewCell.xib */,
			);
			path = CustomCell;
			sourceTree = "<group>";
		};
/* End PBXGroup section */

/* Begin PBXNativeTarget section */
		BC45B95125DB38AC0050AA81 /* Desafio-CollectionView-1 */ = {
			isa = PBXNativeTarget;
			buildConfigurationList = BC45B96625DB38B20050AA81 /* Build configuration list for PBXNativeTarget "Desafio-CollectionView-1" */;
			buildPhases = (
				BC45B94E25DB38AC0050AA81 /* Sources */,
				BC45B94F25DB38AC0050AA81 /* Frameworks */,
				BC45B95025DB38AC0050AA81 /* Resources */,
			);
			buildRules = (
			);
			dependencies = (
			);
			name = "Desafio-CollectionView-1";
			productName = "Desafio-CollectionView-1";
			productReference = BC45B95225DB38AC0050AA81 /* Desafio-CollectionView-1.app */;
			productType = "com.apple.product-type.application";
		};
/* End PBXNativeTarget section */

/* Begin PBXProject section */
		BC45B94A25DB38AC0050AA81 /* Project object */ = {
			isa = PBXProject;
			attributes = {
				LastSwiftUpdateCheck = 1230;
				LastUpgradeCheck = 1230;
				TargetAttributes = {
					BC45B95125DB38AC0050AA81 = {
						CreatedOnToolsVersion = 12.3;
					};
				};
			};
			buildConfigurationList = BC45B94D25DB38AC0050AA81 /* Build configuration list for PBXProject "Desafio-CollectionView-1" */;
			compatibilityVersion = "Xcode 9.3";
			developmentRegion = en;
			hasScannedForEncodings = 0;
			knownRegions = (
				en,
				Base,
			);
			mainGroup = BC45B94925DB38AC0050AA81;
			productRefGroup = BC45B95325DB38AC0050AA81 /* Products */;
			projectDirPath = "";
			projectRoot = "";
			targets = (
				BC45B95125DB38AC0050AA81 /* Desafio-CollectionView-1 */,
			);
		};
/* End PBXProject section */

/* Begin PBXResourcesBuildPhase section */
		BC45B95025DB38AC0050AA81 /* Resources */ = {
			isa = PBXResourcesBuildPhase;
			buildActionMask = 2147483647;
			files = (
				BC45B96225DB38B20050AA81 /* LaunchScreen.storyboard in Resources */,
				BC45B95F25DB38B20050AA81 /* Assets.xcassets in Resources */,
				BC45B97225DB3A4A0050AA81 /* CustomCellCollectionViewCell.xib in Resources */,
				BC45B95D25DB38AC0050AA81 /* Main.storyboard in Resources */,
			);
			runOnlyForDeploymentPostprocessing = 0;
		};
/* End PBXResourcesBuildPhase section */

/* Begin PBXSourcesBuildPhase section */
		BC45B94E25DB38AC0050AA81 /* Sources */ = {
			isa = PBXSourcesBuildPhase;
			buildActionMask = 2147483647;
			files = (
				BC45B95A25DB38AC0050AA81 /* ViewController.swift in Sources */,
				BC45B95625DB38AC0050AA81 /* AppDelegate.swift in Sources */,
				BC45B95825DB38AC0050AA81 /* SceneDelegate.swift in Sources */,
				BC45B97125DB3A4A0050AA81 /* CustomCellCollectionViewCell.swift in Sources */,
			);
			runOnlyForDeploymentPostprocessing = 0;
		};
/* End PBXSourcesBuildPhase section */

/* Begin PBXVariantGroup section */
		BC45B95B25DB38AC0050AA81 /* Main.storyboard */ = {
			isa = PBXVariantGroup;
			children = (
				BC45B95C25DB38AC0050AA81 /* Base */,
			);
			name = Main.storyboard;
			sourceTree = "<group>";
		};
		BC45B96025DB38B20050AA81 /* LaunchScreen.storyboard */ = {
			isa = PBXVariantGroup;
			children = (
				BC45B96125DB38B20050AA81 /* Base */,
			);
			name = LaunchScreen.storyboard;
			sourceTree = "<group>";
		};
/* End PBXVariantGroup section */

/* Begin XCBuildConfiguration section */
		BC45B96425DB38B20050AA81 /* Debug */ = {
			isa = XCBuildConfiguration;
			buildSettings = {
				ALWAYS_SEARCH_USER_PATHS = NO;
				CLANG_ANALYZER_NONNULL = YES;
				CLANG_ANALYZER_NUMBER_OBJECT_CONVERSION = YES_AGGRESSIVE;
				CLANG_CXX_LANGUAGE_STANDARD = "gnu++14";
				CLANG_CXX_LIBRARY = "libc++";
				CLANG_ENABLE_MODULES = YES;
				CLANG_ENABLE_OBJC_ARC = YES;
				CLANG_ENABLE_OBJC_WEAK = YES;
				CLANG_WARN_BLOCK_CAPTURE_AUTORELEASING = YES;
				CLANG_WARN_BOOL_CONVERSION = YES;
				CLANG_WARN_COMMA = YES;
				CLANG_WARN_CONSTANT_CONVERSION = YES;
				CLANG_WARN_DEPRECATED_OBJC_IMPLEMENTATIONS = YES;
				CLANG_WARN_DIRECT_OBJC_ISA_USAGE = YES_ERROR;
				CLANG_WARN_DOCUMENTATION_COMMENTS = YES;
				CLANG_WARN_EMPTY_BODY = YES;
				CLANG_WARN_ENUM_CONVERSION = YES;
				CLANG_WARN_INFINITE_RECURSION = YES;
				CLANG_WARN_INT_CONVERSION = YES;
				CLANG_WARN_NON_LITERAL_NULL_CONVERSION = YES;
				CLANG_WARN_OBJC_IMPLICIT_RETAIN_SELF = YES;
				CLANG_WARN_OBJC_LITERAL_CONVERSION = YES;
				CLANG_WARN_OBJC_ROOT_CLASS = YES_ERROR;
				CLANG_WARN_QUOTED_INCLUDE_IN_FRAMEWORK_HEADER = YES;
				CLANG_WARN_RANGE_LOOP_ANALYSIS = YES;
				CLANG_WARN_STRICT_PROTOTYPES = YES;
				CLANG_WARN_SUSPICIOUS_MOVE = YES;
				CLANG_WARN_UNGUARDED_AVAILABILITY = YES_AGGRESSIVE;
				CLANG_WARN_UNREACHABLE_CODE = YES;
				CLANG_WARN__DUPLICATE_METHOD_MATCH = YES;
				COPY_PHASE_STRIP = NO;
				DEBUG_INFORMATION_FORMAT = dwarf;
				ENABLE_STRICT_OBJC_MSGSEND = YES;
				ENABLE_TESTABILITY = YES;
				GCC_C_LANGUAGE_STANDARD = gnu11;
				GCC_DYNAMIC_NO_PIC = NO;
				GCC_NO_COMMON_BLOCKS = YES;
				GCC_OPTIMIZATION_LEVEL = 0;
				GCC_PREPROCESSOR_DEFINITIONS = (
					"DEBUG=1",
					"$(inherited)",
				);
				GCC_WARN_64_TO_32_BIT_CONVERSION = YES;
				GCC_WARN_ABOUT_RETURN_TYPE = YES_ERROR;
				GCC_WARN_UNDECLARED_SELECTOR = YES;
				GCC_WARN_UNINITIALIZED_AUTOS = YES_AGGRESSIVE;
				GCC_WARN_UNUSED_FUNCTION = YES;
				GCC_WARN_UNUSED_VARIABLE = YES;
				IPHONEOS_DEPLOYMENT_TARGET = 14.3;
				MTL_ENABLE_DEBUG_INFO = INCLUDE_SOURCE;
				MTL_FAST_MATH = YES;
				ONLY_ACTIVE_ARCH = YES;
				SDKROOT = iphoneos;
				SWIFT_ACTIVE_COMPILATION_CONDITIONS = DEBUG;
				SWIFT_OPTIMIZATION_LEVEL = "-Onone";
			};
			name = Debug;
		};
		BC45B96525DB38B20050AA81 /* Release */ = {
			isa = XCBuildConfiguration;
			buildSettings = {
				ALWAYS_SEARCH_USER_PATHS = NO;
				CLANG_ANALYZER_NONNULL = YES;
				CLANG_ANALYZER_NUMBER_OBJECT_CONVERSION = YES_AGGRESSIVE;
				CLANG_CXX_LANGUAGE_STANDARD = "gnu++14";
				CLANG_CXX_LIBRARY = "libc++";
				CLANG_ENABLE_MODULES = YES;
				CLANG_ENABLE_OBJC_ARC = YES;
				CLANG_ENABLE_OBJC_WEAK = YES;
				CLANG_WARN_BLOCK_CAPTURE_AUTORELEASING = YES;
				CLANG_WARN_BOOL_CONVERSION = YES;
				CLANG_WARN_COMMA = YES;
				CLANG_WARN_CONSTANT_CONVERSION = YES;
				CLANG_WARN_DEPRECATED_OBJC_IMPLEMENTATIONS = YES;
				CLANG_WARN_DIRECT_OBJC_ISA_USAGE = YES_ERROR;
				CLANG_WARN_DOCUMENTATION_COMMENTS = YES;
				CLANG_WARN_EMPTY_BODY = YES;
				CLANG_WARN_ENUM_CONVERSION = YES;
				CLANG_WARN_INFINITE_RECURSION = YES;
				CLANG_WARN_INT_CONVERSION = YES;
				CLANG_WARN_NON_LITERAL_NULL_CONVERSION = YES;
				CLANG_WARN_OBJC_IMPLICIT_RETAIN_SELF = YES;
				CLANG_WARN_OBJC_LITERAL_CONVERSION = YES;
				CLANG_WARN_OBJC_ROOT_CLASS = YES_ERROR;
				CLANG_WARN_QUOTED_INCLUDE_IN_FRAMEWORK_HEADER = YES;
				CLANG_WARN_RANGE_LOOP_ANALYSIS = YES;
				CLANG_WARN_STRICT_PROTOTYPES = YES;
				CLANG_WARN_SUSPICIOUS_MOVE = YES;
				CLANG_WARN_UNGUARDED_AVAILABILITY = YES_AGGRESSIVE;
				CLANG_WARN_UNREACHABLE_CODE = YES;
				CLANG_WARN__DUPLICATE_METHOD_MATCH = YES;
				COPY_PHASE_STRIP = NO;
				DEBUG_INFORMATION_FORMAT = "dwarf-with-dsym";
				ENABLE_NS_ASSERTIONS = NO;
				ENABLE_STRICT_OBJC_MSGSEND = YES;
				GCC_C_LANGUAGE_STANDARD = gnu11;
				GCC_NO_COMMON_BLOCKS = YES;
				GCC_WARN_64_TO_32_BIT_CONVERSION = YES;
				GCC_WARN_ABOUT_RETURN_TYPE = YES_ERROR;
				GCC_WARN_UNDECLARED_SELECTOR = YES;
				GCC_WARN_UNINITIALIZED_AUTOS = YES_AGGRESSIVE;
				GCC_WARN_UNUSED_FUNCTION = YES;
				GCC_WARN_UNUSED_VARIABLE = YES;
				IPHONEOS_DEPLOYMENT_TARGET = 14.3;
				MTL_ENABLE_DEBUG_INFO = NO;
				MTL_FAST_MATH = YES;
				SDKROOT = iphoneos;
				SWIFT_COMPILATION_MODE = wholemodule;
				SWIFT_OPTIMIZATION_LEVEL = "-O";
				VALIDATE_PRODUCT = YES;
			};
			name = Release;
		};
		BC45B96725DB38B20050AA81 /* Debug */ = {
			isa = XCBuildConfiguration;
			buildSettings = {
				ASSETCATALOG_COMPILER_APPICON_NAME = AppIcon;
				ASSETCATALOG_COMPILER_GLOBAL_ACCENT_COLOR_NAME = AccentColor;
				CODE_SIGN_STYLE = Automatic;
				DEVELOPMENT_TEAM = 25XCUFMQUU;
				INFOPLIST_FILE = "Desafio-CollectionView-1/Info.plist";
				LD_RUNPATH_SEARCH_PATHS = (
					"$(inherited)",
					"@executable_path/Frameworks",
				);
				PRODUCT_BUNDLE_IDENTIFIER = "com.alexandrecardoso.Desafio-CollectionView-1";
				PRODUCT_NAME = "$(TARGET_NAME)";
				SWIFT_VERSION = 5.0;
				TARGETED_DEVICE_FAMILY = "1,2";
			};
			name = Debug;
		};
		BC45B96825DB38B20050AA81 /* Release */ = {
			isa = XCBuildConfiguration;
			buildSettings = {
				ASSETCATALOG_COMPILER_APPICON_NAME = AppIcon;
				ASSETCATALOG_COMPILER_GLOBAL_ACCENT_COLOR_NAME = AccentColor;
				CODE_SIGN_STYLE = Automatic;
				DEVELOPMENT_TEAM = 25XCUFMQUU;
				INFOPLIST_FILE = "Desafio-CollectionView-1/Info.plist";
				LD_RUNPATH_SEARCH_PATHS = (
					"$(inherited)",
					"@executable_path/Frameworks",
				);
				PRODUCT_BUNDLE_IDENTIFIER = "com.alexandrecardoso.Desafio-CollectionView-1";
				PRODUCT_NAME = "$(TARGET_NAME)";
				SWIFT_VERSION = 5.0;
				TARGETED_DEVICE_FAMILY = "1,2";
			};
			name = Release;
		};
/* End XCBuildConfiguration section */

/* Begin XCConfigurationList section */
		BC45B94D25DB38AC0050AA81 /* Build configuration list for PBXProject "Desafio-CollectionView-1" */ = {
			isa = XCConfigurationList;
			buildConfigurations = (
				BC45B96425DB38B20050AA81 /* Debug */,
				BC45B96525DB38B20050AA81 /* Release */,
			);
			defaultConfigurationIsVisible = 0;
			defaultConfigurationName = Release;
		};
		BC45B96625DB38B20050AA81 /* Build configuration list for PBXNativeTarget "Desafio-CollectionView-1" */ = {
			isa = XCConfigurationList;
			buildConfigurations = (
				BC45B96725DB38B20050AA81 /* Debug */,
				BC45B96825DB38B20050AA81 /* Release */,
			);
			defaultConfigurationIsVisible = 0;
			defaultConfigurationName = Release;
		};
/* End XCConfigurationList section */
	};
	rootObject = BC45B94A25DB38AC0050AA81 /* Project object */;
}
