// !$*UTF8*$!
{
	archiveVersion = 1;
	classes = {
	};
	objectVersion = 50;
	objects = {

/* Begin PBXBuildFile section */
		BC810EBB25D9545E0052E8A6 /* AppDelegate.swift in Sources */ = {isa = PBXBuildFile; fileRef = BC810EBA25D9545E0052E8A6 /* AppDelegate.swift */; };
		BC810EBD25D9545E0052E8A6 /* SceneDelegate.swift in Sources */ = {isa = PBXBuildFile; fileRef = BC810EBC25D9545E0052E8A6 /* SceneDelegate.swift */; };
		BC810EBF25D9545E0052E8A6 /* ViewController.swift in Sources */ = {isa = PBXBuildFile; fileRef = BC810EBE25D9545E0052E8A6 /* ViewController.swift */; };
		BC810EC225D9545E0052E8A6 /* Main.storyboard in Resources */ = {isa = PBXBuildFile; fileRef = BC810EC025D9545E0052E8A6 /* Main.storyboard */; };
		BC810EC425D9545F0052E8A6 /* Assets.xcassets in Resources */ = {isa = PBXBuildFile; fileRef = BC810EC325D9545F0052E8A6 /* Assets.xcassets */; };
		BC810EC725D9545F0052E8A6 /* LaunchScreen.storyboard in Resources */ = {isa = PBXBuildFile; fileRef = BC810EC525D9545F0052E8A6 /* LaunchScreen.storyboard */; };
		BC810ED025D9553E0052E8A6 /* Home.storyboard in Resources */ = {isa = PBXBuildFile; fileRef = BC810ECF25D9553E0052E8A6 /* Home.storyboard */; };
		BC810ED525D9643F0052E8A6 /* Tela01VC.swift in Sources */ = {isa = PBXBuildFile; fileRef = BC810ED425D9643F0052E8A6 /* Tela01VC.swift */; };
/* End PBXBuildFile section */

/* Begin PBXFileReference section */
		BC810EB725D9545E0052E8A6 /* TabBar.app */ = {isa = PBXFileReference; explicitFileType = wrapper.application; includeInIndex = 0; path = TabBar.app; sourceTree = BUILT_PRODUCTS_DIR; };
		BC810EBA25D9545E0052E8A6 /* AppDelegate.swift */ = {isa = PBXFileReference; lastKnownFileType = sourcecode.swift; path = AppDelegate.swift; sourceTree = "<group>"; };
		BC810EBC25D9545E0052E8A6 /* SceneDelegate.swift */ = {isa = PBXFileReference; lastKnownFileType = sourcecode.swift; path = SceneDelegate.swift; sourceTree = "<group>"; };
		BC810EBE25D9545E0052E8A6 /* ViewController.swift */ = {isa = PBXFileReference; lastKnownFileType = sourcecode.swift; path = ViewController.swift; sourceTree = "<group>"; };
		BC810EC125D9545E0052E8A6 /* Base */ = {isa = PBXFileReference; lastKnownFileType = file.storyboard; name = Base; path = Base.lproj/Main.storyboard; sourceTree = "<group>"; };
		BC810EC325D9545F0052E8A6 /* Assets.xcassets */ = {isa = PBXFileReference; lastKnownFileType = folder.assetcatalog; path = Assets.xcassets; sourceTree = "<group>"; };
		BC810EC625D9545F0052E8A6 /* Base */ = {isa = PBXFileReference; lastKnownFileType = file.storyboard; name = Base; path = Base.lproj/LaunchScreen.storyboard; sourceTree = "<group>"; };
		BC810EC825D9545F0052E8A6 /* Info.plist */ = {isa = PBXFileReference; lastKnownFileType = text.plist.xml; path = Info.plist; sourceTree = "<group>"; };
		BC810ECF25D9553E0052E8A6 /* Home.storyboard */ = {isa = PBXFileReference; lastKnownFileType = file.storyboard; path = Home.storyboard; sourceTree = "<group>"; };
		BC810ED425D9643F0052E8A6 /* Tela01VC.swift */ = {isa = PBXFileReference; lastKnownFileType = sourcecode.swift; path = Tela01VC.swift; sourceTree = "<group>"; };
/* End PBXFileReference section */

/* Begin PBXFrameworksBuildPhase section */
		BC810EB425D9545E0052E8A6 /* Frameworks */ = {
			isa = PBXFrameworksBuildPhase;
			buildActionMask = 2147483647;
			files = (
			);
			runOnlyForDeploymentPostprocessing = 0;
		};
/* End PBXFrameworksBuildPhase section */

/* Begin PBXGroup section */
		BC810EAE25D9545E0052E8A6 = {
			isa = PBXGroup;
			children = (
				BC810EB925D9545E0052E8A6 /* TabBar */,
				BC810EB825D9545E0052E8A6 /* Products */,
			);
			sourceTree = "<group>";
		};
		BC810EB825D9545E0052E8A6 /* Products */ = {
			isa = PBXGroup;
			children = (
				BC810EB725D9545E0052E8A6 /* TabBar.app */,
			);
			name = Products;
			sourceTree = "<group>";
		};
		BC810EB925D9545E0052E8A6 /* TabBar */ = {
			isa = PBXGroup;
			children = (
				BC810ED325D9640B0052E8A6 /* Tela01 */,
				BC810EBA25D9545E0052E8A6 /* AppDelegate.swift */,
				BC810EBC25D9545E0052E8A6 /* SceneDelegate.swift */,
				BC810EBE25D9545E0052E8A6 /* ViewController.swift */,
				BC810EC025D9545E0052E8A6 /* Main.storyboard */,
				BC810ECF25D9553E0052E8A6 /* Home.storyboard */,
				BC810EC325D9545F0052E8A6 /* Assets.xcassets */,
				BC810EC525D9545F0052E8A6 /* LaunchScreen.storyboard */,
				BC810EC825D9545F0052E8A6 /* Info.plist */,
			);
			path = TabBar;
			sourceTree = "<group>";
		};
		BC810ED325D9640B0052E8A6 /* Tela01 */ = {
			isa = PBXGroup;
			children = (
				BC810ED425D9643F0052E8A6 /* Tela01VC.swift */,
			);
			path = Tela01;
			sourceTree = "<group>";
		};
/* End PBXGroup section */

/* Begin PBXNativeTarget section */
		BC810EB625D9545E0052E8A6 /* TabBar */ = {
			isa = PBXNativeTarget;
			buildConfigurationList = BC810ECB25D9545F0052E8A6 /* Build configuration list for PBXNativeTarget "TabBar" */;
			buildPhases = (
				BC810EB325D9545E0052E8A6 /* Sources */,
				BC810EB425D9545E0052E8A6 /* Frameworks */,
				BC810EB525D9545E0052E8A6 /* Resources */,
			);
			buildRules = (
			);
			dependencies = (
			);
			name = TabBar;
			productName = TabBar;
			productReference = BC810EB725D9545E0052E8A6 /* TabBar.app */;
			productType = "com.apple.product-type.application";
		};
/* End PBXNativeTarget section */

/* Begin PBXProject section */
		BC810EAF25D9545E0052E8A6 /* Project object */ = {
			isa = PBXProject;
			attributes = {
				LastSwiftUpdateCheck = 1230;
				LastUpgradeCheck = 1230;
				TargetAttributes = {
					BC810EB625D9545E0052E8A6 = {
						CreatedOnToolsVersion = 12.3;
					};
				};
			};
			buildConfigurationList = BC810EB225D9545E0052E8A6 /* Build configuration list for PBXProject "TabBar" */;
			compatibilityVersion = "Xcode 9.3";
			developmentRegion = en;
			hasScannedForEncodings = 0;
			knownRegions = (
				en,
				Base,
			);
			mainGroup = BC810EAE25D9545E0052E8A6;
			productRefGroup = BC810EB825D9545E0052E8A6 /* Products */;
			projectDirPath = "";
			projectRoot = "";
			targets = (
				BC810EB625D9545E0052E8A6 /* TabBar */,
			);
		};
/* End PBXProject section */

/* Begin PBXResourcesBuildPhase section */
		BC810EB525D9545E0052E8A6 /* Resources */ = {
			isa = PBXResourcesBuildPhase;
			buildActionMask = 2147483647;
			files = (
				BC810EC725D9545F0052E8A6 /* LaunchScreen.storyboard in Resources */,
				BC810EC425D9545F0052E8A6 /* Assets.xcassets in Resources */,
				BC810EC225D9545E0052E8A6 /* Main.storyboard in Resources */,
				BC810ED025D9553E0052E8A6 /* Home.storyboard in Resources */,
			);
			runOnlyForDeploymentPostprocessing = 0;
		};
/* End PBXResourcesBuildPhase section */

/* Begin PBXSourcesBuildPhase section */
		BC810EB325D9545E0052E8A6 /* Sources */ = {
			isa = PBXSourcesBuildPhase;
			buildActionMask = 2147483647;
			files = (
				BC810EBF25D9545E0052E8A6 /* ViewController.swift in Sources */,
				BC810ED525D9643F0052E8A6 /* Tela01VC.swift in Sources */,
				BC810EBB25D9545E0052E8A6 /* AppDelegate.swift in Sources */,
				BC810EBD25D9545E0052E8A6 /* SceneDelegate.swift in Sources */,
			);
			runOnlyForDeploymentPostprocessing = 0;
		};
/* End PBXSourcesBuildPhase section */

/* Begin PBXVariantGroup section */
		BC810EC025D9545E0052E8A6 /* Main.storyboard */ = {
			isa = PBXVariantGroup;
			children = (
				BC810EC125D9545E0052E8A6 /* Base */,
			);
			name = Main.storyboard;
			sourceTree = "<group>";
		};
		BC810EC525D9545F0052E8A6 /* LaunchScreen.storyboard */ = {
			isa = PBXVariantGroup;
			children = (
				BC810EC625D9545F0052E8A6 /* Base */,
			);
			name = LaunchScreen.storyboard;
			sourceTree = "<group>";
		};
/* End PBXVariantGroup section */

/* Begin XCBuildConfiguration section */
		BC810EC925D9545F0052E8A6 /* Debug */ = {
			isa = XCBuildConfiguration;
			buildSettings = {
				ALWAYS_SEARCH_USER_PATHS = NO;
				CLANG_ANALYZER_NONNULL = YES;
				CLANG_ANALYZER_NUMBER_OBJECT_CONVERSION = YES_AGGRESSIVE;
				CLANG_CXX_LANGUAGE_STANDARD = "gnu++14";
				CLANG_CXX_LIBRARY = "libc++";
				CLANG_ENABLE_MODULES = YES;
				CLANG_ENABLE_OBJC_ARC = YES;
				CLANG_ENABLE_OBJC_WEAK = YES;
				CLANG_WARN_BLOCK_CAPTURE_AUTORELEASING = YES;
				CLANG_WARN_BOOL_CONVERSION = YES;
				CLANG_WARN_COMMA = YES;
				CLANG_WARN_CONSTANT_CONVERSION = YES;
				CLANG_WARN_DEPRECATED_OBJC_IMPLEMENTATIONS = YES;
				CLANG_WARN_DIRECT_OBJC_ISA_USAGE = YES_ERROR;
				CLANG_WARN_DOCUMENTATION_COMMENTS = YES;
				CLANG_WARN_EMPTY_BODY = YES;
				CLANG_WARN_ENUM_CONVERSION = YES;
				CLANG_WARN_INFINITE_RECURSION = YES;
				CLANG_WARN_INT_CONVERSION = YES;
				CLANG_WARN_NON_LITERAL_NULL_CONVERSION = YES;
				CLANG_WARN_OBJC_IMPLICIT_RETAIN_SELF = YES;
				CLANG_WARN_OBJC_LITERAL_CONVERSION = YES;
				CLANG_WARN_OBJC_ROOT_CLASS = YES_ERROR;
				CLANG_WARN_QUOTED_INCLUDE_IN_FRAMEWORK_HEADER = YES;
				CLANG_WARN_RANGE_LOOP_ANALYSIS = YES;
				CLANG_WARN_STRICT_PROTOTYPES = YES;
				CLANG_WARN_SUSPICIOUS_MOVE = YES;
				CLANG_WARN_UNGUARDED_AVAILABILITY = YES_AGGRESSIVE;
				CLANG_WARN_UNREACHABLE_CODE = YES;
				CLANG_WARN__DUPLICATE_METHOD_MATCH = YES;
				COPY_PHASE_STRIP = NO;
				DEBUG_INFORMATION_FORMAT = dwarf;
				ENABLE_STRICT_OBJC_MSGSEND = YES;
				ENABLE_TESTABILITY = YES;
				GCC_C_LANGUAGE_STANDARD = gnu11;
				GCC_DYNAMIC_NO_PIC = NO;
				GCC_NO_COMMON_BLOCKS = YES;
				GCC_OPTIMIZATION_LEVEL = 0;
				GCC_PREPROCESSOR_DEFINITIONS = (
					"DEBUG=1",
					"$(inherited)",
				);
				GCC_WARN_64_TO_32_BIT_CONVERSION = YES;
				GCC_WARN_ABOUT_RETURN_TYPE = YES_ERROR;
				GCC_WARN_UNDECLARED_SELECTOR = YES;
				GCC_WARN_UNINITIALIZED_AUTOS = YES_AGGRESSIVE;
				GCC_WARN_UNUSED_FUNCTION = YES;
				GCC_WARN_UNUSED_VARIABLE = YES;
				IPHONEOS_DEPLOYMENT_TARGET = 14.3;
				MTL_ENABLE_DEBUG_INFO = INCLUDE_SOURCE;
				MTL_FAST_MATH = YES;
				ONLY_ACTIVE_ARCH = YES;
				SDKROOT = iphoneos;
				SWIFT_ACTIVE_COMPILATION_CONDITIONS = DEBUG;
				SWIFT_OPTIMIZATION_LEVEL = "-Onone";
			};
			name = Debug;
		};
		BC810ECA25D9545F0052E8A6 /* Release */ = {
			isa = XCBuildConfiguration;
			buildSettings = {
				ALWAYS_SEARCH_USER_PATHS = NO;
				CLANG_ANALYZER_NONNULL = YES;
				CLANG_ANALYZER_NUMBER_OBJECT_CONVERSION = YES_AGGRESSIVE;
				CLANG_CXX_LANGUAGE_STANDARD = "gnu++14";
				CLANG_CXX_LIBRARY = "libc++";
				CLANG_ENABLE_MODULES = YES;
				CLANG_ENABLE_OBJC_ARC = YES;
				CLANG_ENABLE_OBJC_WEAK = YES;
				CLANG_WARN_BLOCK_CAPTURE_AUTORELEASING = YES;
				CLANG_WARN_BOOL_CONVERSION = YES;
				CLANG_WARN_COMMA = YES;
				CLANG_WARN_CONSTANT_CONVERSION = YES;
				CLANG_WARN_DEPRECATED_OBJC_IMPLEMENTATIONS = YES;
				CLANG_WARN_DIRECT_OBJC_ISA_USAGE = YES_ERROR;
				CLANG_WARN_DOCUMENTATION_COMMENTS = YES;
				CLANG_WARN_EMPTY_BODY = YES;
				CLANG_WARN_ENUM_CONVERSION = YES;
				CLANG_WARN_INFINITE_RECURSION = YES;
				CLANG_WARN_INT_CONVERSION = YES;
				CLANG_WARN_NON_LITERAL_NULL_CONVERSION = YES;
				CLANG_WARN_OBJC_IMPLICIT_RETAIN_SELF = YES;
				CLANG_WARN_OBJC_LITERAL_CONVERSION = YES;
				CLANG_WARN_OBJC_ROOT_CLASS = YES_ERROR;
				CLANG_WARN_QUOTED_INCLUDE_IN_FRAMEWORK_HEADER = YES;
				CLANG_WARN_RANGE_LOOP_ANALYSIS = YES;
				CLANG_WARN_STRICT_PROTOTYPES = YES;
				CLANG_WARN_SUSPICIOUS_MOVE = YES;
				CLANG_WARN_UNGUARDED_AVAILABILITY = YES_AGGRESSIVE;
				CLANG_WARN_UNREACHABLE_CODE = YES;
				CLANG_WARN__DUPLICATE_METHOD_MATCH = YES;
				COPY_PHASE_STRIP = NO;
				DEBUG_INFORMATION_FORMAT = "dwarf-with-dsym";
				ENABLE_NS_ASSERTIONS = NO;
				ENABLE_STRICT_OBJC_MSGSEND = YES;
				GCC_C_LANGUAGE_STANDARD = gnu11;
				GCC_NO_COMMON_BLOCKS = YES;
				GCC_WARN_64_TO_32_BIT_CONVERSION = YES;
				GCC_WARN_ABOUT_RETURN_TYPE = YES_ERROR;
				GCC_WARN_UNDECLARED_SELECTOR = YES;
				GCC_WARN_UNINITIALIZED_AUTOS = YES_AGGRESSIVE;
				GCC_WARN_UNUSED_FUNCTION = YES;
				GCC_WARN_UNUSED_VARIABLE = YES;
				IPHONEOS_DEPLOYMENT_TARGET = 14.3;
				MTL_ENABLE_DEBUG_INFO = NO;
				MTL_FAST_MATH = YES;
				SDKROOT = iphoneos;
				SWIFT_COMPILATION_MODE = wholemodule;
				SWIFT_OPTIMIZATION_LEVEL = "-O";
				VALIDATE_PRODUCT = YES;
			};
			name = Release;
		};
		BC810ECC25D9545F0052E8A6 /* Debug */ = {
			isa = XCBuildConfiguration;
			buildSettings = {
				ASSETCATALOG_COMPILER_APPICON_NAME = AppIcon;
				ASSETCATALOG_COMPILER_GLOBAL_ACCENT_COLOR_NAME = AccentColor;
				CODE_SIGN_STYLE = Automatic;
				DEVELOPMENT_TEAM = 25XCUFMQUU;
				INFOPLIST_FILE = TabBar/Info.plist;
				LD_RUNPATH_SEARCH_PATHS = (
					"$(inherited)",
					"@executable_path/Frameworks",
				);
				PRODUCT_BUNDLE_IDENTIFIER = com.alexandrecardoso.TabBar;
				PRODUCT_NAME = "$(TARGET_NAME)";
				SWIFT_VERSION = 5.0;
				TARGETED_DEVICE_FAMILY = "1,2";
			};
			name = Debug;
		};
		BC810ECD25D9545F0052E8A6 /* Release */ = {
			isa = XCBuildConfiguration;
			buildSettings = {
				ASSETCATALOG_COMPILER_APPICON_NAME = AppIcon;
				ASSETCATALOG_COMPILER_GLOBAL_ACCENT_COLOR_NAME = AccentColor;
				CODE_SIGN_STYLE = Automatic;
				DEVELOPMENT_TEAM = 25XCUFMQUU;
				INFOPLIST_FILE = TabBar/Info.plist;
				LD_RUNPATH_SEARCH_PATHS = (
					"$(inherited)",
					"@executable_path/Frameworks",
				);
				PRODUCT_BUNDLE_IDENTIFIER = com.alexandrecardoso.TabBar;
				PRODUCT_NAME = "$(TARGET_NAME)";
				SWIFT_VERSION = 5.0;
				TARGETED_DEVICE_FAMILY = "1,2";
			};
			name = Release;
		};
/* End XCBuildConfiguration section */

/* Begin XCConfigurationList section */
		BC810EB225D9545E0052E8A6 /* Build configuration list for PBXProject "TabBar" */ = {
			isa = XCConfigurationList;
			buildConfigurations = (
				BC810EC925D9545F0052E8A6 /* Debug */,
				BC810ECA25D9545F0052E8A6 /* Release */,
			);
			defaultConfigurationIsVisible = 0;
			defaultConfigurationName = Release;
		};
		BC810ECB25D9545F0052E8A6 /* Build configuration list for PBXNativeTarget "TabBar" */ = {
			isa = XCConfigurationList;
			buildConfigurations = (
				BC810ECC25D9545F0052E8A6 /* Debug */,
				BC810ECD25D9545F0052E8A6 /* Release */,
			);
			defaultConfigurationIsVisible = 0;
			defaultConfigurationName = Release;
		};
/* End XCConfigurationList section */
	};
	rootObject = BC810EAF25D9545E0052E8A6 /* Project object */;
}
