// !$*UTF8*$!
{
	archiveVersion = 1;
	classes = {
	};
	objectVersion = 50;
	objects = {

/* Begin PBXBuildFile section */
		BC8EF16225E29DA900D26EC1 /* AppDelegate.swift in Sources */ = {isa = PBXBuildFile; fileRef = BC8EF16125E29DA900D26EC1 /* AppDelegate.swift */; };
		BC8EF16425E29DA900D26EC1 /* SceneDelegate.swift in Sources */ = {isa = PBXBuildFile; fileRef = BC8EF16325E29DA900D26EC1 /* SceneDelegate.swift */; };
		BC8EF16625E29DA900D26EC1 /* ViewController.swift in Sources */ = {isa = PBXBuildFile; fileRef = BC8EF16525E29DA900D26EC1 /* ViewController.swift */; };
		BC8EF16925E29DA900D26EC1 /* Main.storyboard in Resources */ = {isa = PBXBuildFile; fileRef = BC8EF16725E29DA900D26EC1 /* Main.storyboard */; };
		BC8EF16B25E29DAC00D26EC1 /* Assets.xcassets in Resources */ = {isa = PBXBuildFile; fileRef = BC8EF16A25E29DAC00D26EC1 /* Assets.xcassets */; };
		BC8EF16E25E29DAC00D26EC1 /* LaunchScreen.storyboard in Resources */ = {isa = PBXBuildFile; fileRef = BC8EF16C25E29DAC00D26EC1 /* LaunchScreen.storyboard */; };
		BC8EF17825E2A47A00D26EC1 /* TendenciasTableViewCell.swift in Sources */ = {isa = PBXBuildFile; fileRef = BC8EF17625E2A47A00D26EC1 /* TendenciasTableViewCell.swift */; };
		BC8EF17925E2A47A00D26EC1 /* TendenciasTableViewCell.xib in Resources */ = {isa = PBXBuildFile; fileRef = BC8EF17725E2A47A00D26EC1 /* TendenciasTableViewCell.xib */; };
		BC8EF17F25E2AA3800D26EC1 /* Filme.swift in Sources */ = {isa = PBXBuildFile; fileRef = BC8EF17E25E2AA3800D26EC1 /* Filme.swift */; };
		BC8EF19225E2B61900D26EC1 /* TendenciaCollectionViewCell.swift in Sources */ = {isa = PBXBuildFile; fileRef = BC8EF19025E2B61900D26EC1 /* TendenciaCollectionViewCell.swift */; };
		BC8EF19325E2B61900D26EC1 /* TendenciaCollectionViewCell.xib in Resources */ = {isa = PBXBuildFile; fileRef = BC8EF19125E2B61900D26EC1 /* TendenciaCollectionViewCell.xib */; };
/* End PBXBuildFile section */

/* Begin PBXFileReference section */
		BC8EF15E25E29DA900D26EC1 /* Desafio-Filme-Teste.app */ = {isa = PBXFileReference; explicitFileType = wrapper.application; includeInIndex = 0; path = "Desafio-Filme-Teste.app"; sourceTree = BUILT_PRODUCTS_DIR; };
		BC8EF16125E29DA900D26EC1 /* AppDelegate.swift */ = {isa = PBXFileReference; lastKnownFileType = sourcecode.swift; path = AppDelegate.swift; sourceTree = "<group>"; };
		BC8EF16325E29DA900D26EC1 /* SceneDelegate.swift */ = {isa = PBXFileReference; lastKnownFileType = sourcecode.swift; path = SceneDelegate.swift; sourceTree = "<group>"; };
		BC8EF16525E29DA900D26EC1 /* ViewController.swift */ = {isa = PBXFileReference; lastKnownFileType = sourcecode.swift; path = ViewController.swift; sourceTree = "<group>"; };
		BC8EF16825E29DA900D26EC1 /* Base */ = {isa = PBXFileReference; lastKnownFileType = file.storyboard; name = Base; path = Base.lproj/Main.storyboard; sourceTree = "<group>"; };
		BC8EF16A25E29DAC00D26EC1 /* Assets.xcassets */ = {isa = PBXFileReference; lastKnownFileType = folder.assetcatalog; path = Assets.xcassets; sourceTree = "<group>"; };
		BC8EF16D25E29DAC00D26EC1 /* Base */ = {isa = PBXFileReference; lastKnownFileType = file.storyboard; name = Base; path = Base.lproj/LaunchScreen.storyboard; sourceTree = "<group>"; };
		BC8EF16F25E29DAC00D26EC1 /* Info.plist */ = {isa = PBXFileReference; lastKnownFileType = text.plist.xml; path = Info.plist; sourceTree = "<group>"; };
		BC8EF17625E2A47A00D26EC1 /* TendenciasTableViewCell.swift */ = {isa = PBXFileReference; lastKnownFileType = sourcecode.swift; path = TendenciasTableViewCell.swift; sourceTree = "<group>"; };
		BC8EF17725E2A47A00D26EC1 /* TendenciasTableViewCell.xib */ = {isa = PBXFileReference; lastKnownFileType = file.xib; path = TendenciasTableViewCell.xib; sourceTree = "<group>"; };
		BC8EF17E25E2AA3800D26EC1 /* Filme.swift */ = {isa = PBXFileReference; lastKnownFileType = sourcecode.swift; path = Filme.swift; sourceTree = "<group>"; };
		BC8EF19025E2B61900D26EC1 /* TendenciaCollectionViewCell.swift */ = {isa = PBXFileReference; lastKnownFileType = sourcecode.swift; path = TendenciaCollectionViewCell.swift; sourceTree = "<group>"; };
		BC8EF19125E2B61900D26EC1 /* TendenciaCollectionViewCell.xib */ = {isa = PBXFileReference; lastKnownFileType = file.xib; path = TendenciaCollectionViewCell.xib; sourceTree = "<group>"; };
/* End PBXFileReference section */

/* Begin PBXFrameworksBuildPhase section */
		BC8EF15B25E29DA900D26EC1 /* Frameworks */ = {
			isa = PBXFrameworksBuildPhase;
			buildActionMask = 2147483647;
			files = (
			);
			runOnlyForDeploymentPostprocessing = 0;
		};
/* End PBXFrameworksBuildPhase section */

/* Begin PBXGroup section */
		BC8EF15525E29DA800D26EC1 = {
			isa = PBXGroup;
			children = (
				BC8EF16025E29DA900D26EC1 /* Desafio-Filme-Teste */,
				BC8EF15F25E29DA900D26EC1 /* Products */,
			);
			sourceTree = "<group>";
		};
		BC8EF15F25E29DA900D26EC1 /* Products */ = {
			isa = PBXGroup;
			children = (
				BC8EF15E25E29DA900D26EC1 /* Desafio-Filme-Teste.app */,
			);
			name = Products;
			sourceTree = "<group>";
		};
		BC8EF16025E29DA900D26EC1 /* Desafio-Filme-Teste */ = {
			isa = PBXGroup;
			children = (
				BC8EF16125E29DA900D26EC1 /* AppDelegate.swift */,
				BC8EF16325E29DA900D26EC1 /* SceneDelegate.swift */,
				BC8EF17B25E2A48200D26EC1 /* CustomTableViewCell */,
				BC8EF18825E2B16C00D26EC1 /* CustomCollectionViewCell */,
				BC8EF18125E2AA9700D26EC1 /* Model */,
				BC8EF16525E29DA900D26EC1 /* ViewController.swift */,
				BC8EF16725E29DA900D26EC1 /* Main.storyboard */,
				BC8EF16A25E29DAC00D26EC1 /* Assets.xcassets */,
				BC8EF16C25E29DAC00D26EC1 /* LaunchScreen.storyboard */,
				BC8EF16F25E29DAC00D26EC1 /* Info.plist */,
			);
			path = "Desafio-Filme-Teste";
			sourceTree = "<group>";
		};
		BC8EF17B25E2A48200D26EC1 /* CustomTableViewCell */ = {
			isa = PBXGroup;
			children = (
				BC8EF17625E2A47A00D26EC1 /* TendenciasTableViewCell.swift */,
				BC8EF17725E2A47A00D26EC1 /* TendenciasTableViewCell.xib */,
			);
			path = CustomTableViewCell;
			sourceTree = "<group>";
		};
		BC8EF18125E2AA9700D26EC1 /* Model */ = {
			isa = PBXGroup;
			children = (
				BC8EF17E25E2AA3800D26EC1 /* Filme.swift */,
			);
			path = Model;
			sourceTree = "<group>";
		};
		BC8EF18825E2B16C00D26EC1 /* CustomCollectionViewCell */ = {
			isa = PBXGroup;
			children = (
				BC8EF19025E2B61900D26EC1 /* TendenciaCollectionViewCell.swift */,
				BC8EF19125E2B61900D26EC1 /* TendenciaCollectionViewCell.xib */,
			);
			path = CustomCollectionViewCell;
			sourceTree = "<group>";
		};
/* End PBXGroup section */

/* Begin PBXNativeTarget section */
		BC8EF15D25E29DA900D26EC1 /* Desafio-Filme-Teste */ = {
			isa = PBXNativeTarget;
			buildConfigurationList = BC8EF17225E29DAC00D26EC1 /* Build configuration list for PBXNativeTarget "Desafio-Filme-Teste" */;
			buildPhases = (
				BC8EF15A25E29DA900D26EC1 /* Sources */,
				BC8EF15B25E29DA900D26EC1 /* Frameworks */,
				BC8EF15C25E29DA900D26EC1 /* Resources */,
			);
			buildRules = (
			);
			dependencies = (
			);
			name = "Desafio-Filme-Teste";
			productName = "Desafio-Filme-Teste";
			productReference = BC8EF15E25E29DA900D26EC1 /* Desafio-Filme-Teste.app */;
			productType = "com.apple.product-type.application";
		};
/* End PBXNativeTarget section */

/* Begin PBXProject section */
		BC8EF15625E29DA800D26EC1 /* Project object */ = {
			isa = PBXProject;
			attributes = {
				LastSwiftUpdateCheck = 1230;
				LastUpgradeCheck = 1230;
				TargetAttributes = {
					BC8EF15D25E29DA900D26EC1 = {
						CreatedOnToolsVersion = 12.3;
					};
				};
			};
			buildConfigurationList = BC8EF15925E29DA800D26EC1 /* Build configuration list for PBXProject "Desafio-Filme-Teste" */;
			compatibilityVersion = "Xcode 9.3";
			developmentRegion = en;
			hasScannedForEncodings = 0;
			knownRegions = (
				en,
				Base,
			);
			mainGroup = BC8EF15525E29DA800D26EC1;
			productRefGroup = BC8EF15F25E29DA900D26EC1 /* Products */;
			projectDirPath = "";
			projectRoot = "";
			targets = (
				BC8EF15D25E29DA900D26EC1 /* Desafio-Filme-Teste */,
			);
		};
/* End PBXProject section */

/* Begin PBXResourcesBuildPhase section */
		BC8EF15C25E29DA900D26EC1 /* Resources */ = {
			isa = PBXResourcesBuildPhase;
			buildActionMask = 2147483647;
			files = (
				BC8EF16E25E29DAC00D26EC1 /* LaunchScreen.storyboard in Resources */,
				BC8EF19325E2B61900D26EC1 /* TendenciaCollectionViewCell.xib in Resources */,
				BC8EF17925E2A47A00D26EC1 /* TendenciasTableViewCell.xib in Resources */,
				BC8EF16B25E29DAC00D26EC1 /* Assets.xcassets in Resources */,
				BC8EF16925E29DA900D26EC1 /* Main.storyboard in Resources */,
			);
			runOnlyForDeploymentPostprocessing = 0;
		};
/* End PBXResourcesBuildPhase section */

/* Begin PBXSourcesBuildPhase section */
		BC8EF15A25E29DA900D26EC1 /* Sources */ = {
			isa = PBXSourcesBuildPhase;
			buildActionMask = 2147483647;
			files = (
				BC8EF16625E29DA900D26EC1 /* ViewController.swift in Sources */,
				BC8EF17825E2A47A00D26EC1 /* TendenciasTableViewCell.swift in Sources */,
				BC8EF19225E2B61900D26EC1 /* TendenciaCollectionViewCell.swift in Sources */,
				BC8EF17F25E2AA3800D26EC1 /* Filme.swift in Sources */,
				BC8EF16225E29DA900D26EC1 /* AppDelegate.swift in Sources */,
				BC8EF16425E29DA900D26EC1 /* SceneDelegate.swift in Sources */,
			);
			runOnlyForDeploymentPostprocessing = 0;
		};
/* End PBXSourcesBuildPhase section */

/* Begin PBXVariantGroup section */
		BC8EF16725E29DA900D26EC1 /* Main.storyboard */ = {
			isa = PBXVariantGroup;
			children = (
				BC8EF16825E29DA900D26EC1 /* Base */,
			);
			name = Main.storyboard;
			sourceTree = "<group>";
		};
		BC8EF16C25E29DAC00D26EC1 /* LaunchScreen.storyboard */ = {
			isa = PBXVariantGroup;
			children = (
				BC8EF16D25E29DAC00D26EC1 /* Base */,
			);
			name = LaunchScreen.storyboard;
			sourceTree = "<group>";
		};
/* End PBXVariantGroup section */

/* Begin XCBuildConfiguration section */
		BC8EF17025E29DAC00D26EC1 /* Debug */ = {
			isa = XCBuildConfiguration;
			buildSettings = {
				ALWAYS_SEARCH_USER_PATHS = NO;
				CLANG_ANALYZER_NONNULL = YES;
				CLANG_ANALYZER_NUMBER_OBJECT_CONVERSION = YES_AGGRESSIVE;
				CLANG_CXX_LANGUAGE_STANDARD = "gnu++14";
				CLANG_CXX_LIBRARY = "libc++";
				CLANG_ENABLE_MODULES = YES;
				CLANG_ENABLE_OBJC_ARC = YES;
				CLANG_ENABLE_OBJC_WEAK = YES;
				CLANG_WARN_BLOCK_CAPTURE_AUTORELEASING = YES;
				CLANG_WARN_BOOL_CONVERSION = YES;
				CLANG_WARN_COMMA = YES;
				CLANG_WARN_CONSTANT_CONVERSION = YES;
				CLANG_WARN_DEPRECATED_OBJC_IMPLEMENTATIONS = YES;
				CLANG_WARN_DIRECT_OBJC_ISA_USAGE = YES_ERROR;
				CLANG_WARN_DOCUMENTATION_COMMENTS = YES;
				CLANG_WARN_EMPTY_BODY = YES;
				CLANG_WARN_ENUM_CONVERSION = YES;
				CLANG_WARN_INFINITE_RECURSION = YES;
				CLANG_WARN_INT_CONVERSION = YES;
				CLANG_WARN_NON_LITERAL_NULL_CONVERSION = YES;
				CLANG_WARN_OBJC_IMPLICIT_RETAIN_SELF = YES;
				CLANG_WARN_OBJC_LITERAL_CONVERSION = YES;
				CLANG_WARN_OBJC_ROOT_CLASS = YES_ERROR;
				CLANG_WARN_QUOTED_INCLUDE_IN_FRAMEWORK_HEADER = YES;
				CLANG_WARN_RANGE_LOOP_ANALYSIS = YES;
				CLANG_WARN_STRICT_PROTOTYPES = YES;
				CLANG_WARN_SUSPICIOUS_MOVE = YES;
				CLANG_WARN_UNGUARDED_AVAILABILITY = YES_AGGRESSIVE;
				CLANG_WARN_UNREACHABLE_CODE = YES;
				CLANG_WARN__DUPLICATE_METHOD_MATCH = YES;
				COPY_PHASE_STRIP = NO;
				DEBUG_INFORMATION_FORMAT = dwarf;
				ENABLE_STRICT_OBJC_MSGSEND = YES;
				ENABLE_TESTABILITY = YES;
				GCC_C_LANGUAGE_STANDARD = gnu11;
				GCC_DYNAMIC_NO_PIC = NO;
				GCC_NO_COMMON_BLOCKS = YES;
				GCC_OPTIMIZATION_LEVEL = 0;
				GCC_PREPROCESSOR_DEFINITIONS = (
					"DEBUG=1",
					"$(inherited)",
				);
				GCC_WARN_64_TO_32_BIT_CONVERSION = YES;
				GCC_WARN_ABOUT_RETURN_TYPE = YES_ERROR;
				GCC_WARN_UNDECLARED_SELECTOR = YES;
				GCC_WARN_UNINITIALIZED_AUTOS = YES_AGGRESSIVE;
				GCC_WARN_UNUSED_FUNCTION = YES;
				GCC_WARN_UNUSED_VARIABLE = YES;
				IPHONEOS_DEPLOYMENT_TARGET = 14.3;
				MTL_ENABLE_DEBUG_INFO = INCLUDE_SOURCE;
				MTL_FAST_MATH = YES;
				ONLY_ACTIVE_ARCH = YES;
				SDKROOT = iphoneos;
				SWIFT_ACTIVE_COMPILATION_CONDITIONS = DEBUG;
				SWIFT_OPTIMIZATION_LEVEL = "-Onone";
			};
			name = Debug;
		};
		BC8EF17125E29DAC00D26EC1 /* Release */ = {
			isa = XCBuildConfiguration;
			buildSettings = {
				ALWAYS_SEARCH_USER_PATHS = NO;
				CLANG_ANALYZER_NONNULL = YES;
				CLANG_ANALYZER_NUMBER_OBJECT_CONVERSION = YES_AGGRESSIVE;
				CLANG_CXX_LANGUAGE_STANDARD = "gnu++14";
				CLANG_CXX_LIBRARY = "libc++";
				CLANG_ENABLE_MODULES = YES;
				CLANG_ENABLE_OBJC_ARC = YES;
				CLANG_ENABLE_OBJC_WEAK = YES;
				CLANG_WARN_BLOCK_CAPTURE_AUTORELEASING = YES;
				CLANG_WARN_BOOL_CONVERSION = YES;
				CLANG_WARN_COMMA = YES;
				CLANG_WARN_CONSTANT_CONVERSION = YES;
				CLANG_WARN_DEPRECATED_OBJC_IMPLEMENTATIONS = YES;
				CLANG_WARN_DIRECT_OBJC_ISA_USAGE = YES_ERROR;
				CLANG_WARN_DOCUMENTATION_COMMENTS = YES;
				CLANG_WARN_EMPTY_BODY = YES;
				CLANG_WARN_ENUM_CONVERSION = YES;
				CLANG_WARN_INFINITE_RECURSION = YES;
				CLANG_WARN_INT_CONVERSION = YES;
				CLANG_WARN_NON_LITERAL_NULL_CONVERSION = YES;
				CLANG_WARN_OBJC_IMPLICIT_RETAIN_SELF = YES;
				CLANG_WARN_OBJC_LITERAL_CONVERSION = YES;
				CLANG_WARN_OBJC_ROOT_CLASS = YES_ERROR;
				CLANG_WARN_QUOTED_INCLUDE_IN_FRAMEWORK_HEADER = YES;
				CLANG_WARN_RANGE_LOOP_ANALYSIS = YES;
				CLANG_WARN_STRICT_PROTOTYPES = YES;
				CLANG_WARN_SUSPICIOUS_MOVE = YES;
				CLANG_WARN_UNGUARDED_AVAILABILITY = YES_AGGRESSIVE;
				CLANG_WARN_UNREACHABLE_CODE = YES;
				CLANG_WARN__DUPLICATE_METHOD_MATCH = YES;
				COPY_PHASE_STRIP = NO;
				DEBUG_INFORMATION_FORMAT = "dwarf-with-dsym";
				ENABLE_NS_ASSERTIONS = NO;
				ENABLE_STRICT_OBJC_MSGSEND = YES;
				GCC_C_LANGUAGE_STANDARD = gnu11;
				GCC_NO_COMMON_BLOCKS = YES;
				GCC_WARN_64_TO_32_BIT_CONVERSION = YES;
				GCC_WARN_ABOUT_RETURN_TYPE = YES_ERROR;
				GCC_WARN_UNDECLARED_SELECTOR = YES;
				GCC_WARN_UNINITIALIZED_AUTOS = YES_AGGRESSIVE;
				GCC_WARN_UNUSED_FUNCTION = YES;
				GCC_WARN_UNUSED_VARIABLE = YES;
				IPHONEOS_DEPLOYMENT_TARGET = 14.3;
				MTL_ENABLE_DEBUG_INFO = NO;
				MTL_FAST_MATH = YES;
				SDKROOT = iphoneos;
				SWIFT_COMPILATION_MODE = wholemodule;
				SWIFT_OPTIMIZATION_LEVEL = "-O";
				VALIDATE_PRODUCT = YES;
			};
			name = Release;
		};
		BC8EF17325E29DAC00D26EC1 /* Debug */ = {
			isa = XCBuildConfiguration;
			buildSettings = {
				ASSETCATALOG_COMPILER_APPICON_NAME = AppIcon;
				ASSETCATALOG_COMPILER_GLOBAL_ACCENT_COLOR_NAME = AccentColor;
				CODE_SIGN_STYLE = Automatic;
				DEVELOPMENT_TEAM = 25XCUFMQUU;
				INFOPLIST_FILE = "Desafio-Filme-Teste/Info.plist";
				LD_RUNPATH_SEARCH_PATHS = (
					"$(inherited)",
					"@executable_path/Frameworks",
				);
				PRODUCT_BUNDLE_IDENTIFIER = "com.alexandrecardoso.Desafio-Filme-Teste";
				PRODUCT_NAME = "$(TARGET_NAME)";
				SWIFT_VERSION = 5.0;
				TARGETED_DEVICE_FAMILY = "1,2";
			};
			name = Debug;
		};
		BC8EF17425E29DAC00D26EC1 /* Release */ = {
			isa = XCBuildConfiguration;
			buildSettings = {
				ASSETCATALOG_COMPILER_APPICON_NAME = AppIcon;
				ASSETCATALOG_COMPILER_GLOBAL_ACCENT_COLOR_NAME = AccentColor;
				CODE_SIGN_STYLE = Automatic;
				DEVELOPMENT_TEAM = 25XCUFMQUU;
				INFOPLIST_FILE = "Desafio-Filme-Teste/Info.plist";
				LD_RUNPATH_SEARCH_PATHS = (
					"$(inherited)",
					"@executable_path/Frameworks",
				);
				PRODUCT_BUNDLE_IDENTIFIER = "com.alexandrecardoso.Desafio-Filme-Teste";
				PRODUCT_NAME = "$(TARGET_NAME)";
				SWIFT_VERSION = 5.0;
				TARGETED_DEVICE_FAMILY = "1,2";
			};
			name = Release;
		};
/* End XCBuildConfiguration section */

/* Begin XCConfigurationList section */
		BC8EF15925E29DA800D26EC1 /* Build configuration list for PBXProject "Desafio-Filme-Teste" */ = {
			isa = XCConfigurationList;
			buildConfigurations = (
				BC8EF17025E29DAC00D26EC1 /* Debug */,
				BC8EF17125E29DAC00D26EC1 /* Release */,
			);
			defaultConfigurationIsVisible = 0;
			defaultConfigurationName = Release;
		};
		BC8EF17225E29DAC00D26EC1 /* Build configuration list for PBXNativeTarget "Desafio-Filme-Teste" */ = {
			isa = XCConfigurationList;
			buildConfigurations = (
				BC8EF17325E29DAC00D26EC1 /* Debug */,
				BC8EF17425E29DAC00D26EC1 /* Release */,
			);
			defaultConfigurationIsVisible = 0;
			defaultConfigurationName = Release;
		};
/* End XCConfigurationList section */
	};
	rootObject = BC8EF15625E29DA800D26EC1 /* Project object */;
}
